
Microsoft Visual Studio Solution File, Format Version 12.00
# Visual Studio Version 17
VisualStudioVersion = 17.8.34525.116
MinimumVisualStudioVersion = 10.0.40219.1
Project("{9A19103F-16F7-4668-BE54-9A1E7A4F7556}") = "CallForBids", "CallForBids.csproj", "{81D32EEE-FCA1-436F-94BD-DADB0F79FEDD}"
EndProject
Global
	GlobalSection(SolutionConfigurationPlatforms) = preSolution
		Debug|Any CPU = Debug|Any CPU
		Release|Any CPU = Release|Any CPU
	EndGlobalSection
	GlobalSection(ProjectConfigurationPlatforms) = postSolution
		{81D32EEE-FCA1-436F-94BD-DADB0F79FEDD}.Debug|Any CPU.ActiveCfg = Debug|Any CPU
		{81D32EEE-FCA1-436F-94BD-DADB0F79FEDD}.Debug|Any CPU.Build.0 = Debug|Any CPU
		{81D32EEE-FCA1-436F-94BD-DADB0F79FEDD}.Release|Any CPU.ActiveCfg = Release|Any CPU
		{81D32EEE-FCA1-436F-94BD-DADB0F79FEDD}.Release|Any CPU.Build.0 = Release|Any CPU
	EndGlobalSection
	GlobalSection(SolutionProperties) = preSolution
		HideSolutionNode = FALSE
	EndGlobalSection
	GlobalSection(ExtensibilityGlobals) = postSolution
		SolutionGuid = {287FBC61-DCB1-4276-B039-4B986DECC1A4}
	EndGlobalSection
EndGlobal
